
Microsoft Visual Studio Solution File, Format Version 12.00
# Visual Studio 15
VisualStudioVersion = 15.0.27130.2010
MinimumVisualStudioVersion = 10.0.40219.1
Project("{FAE04EC0-301F-11D3-BF4B-00C04F79EFBC}") = "SmoothPOS", "SmoothPOS\SmoothPOS.csproj", "{1B6EED1E-6BF9-4C7B-8453-F629A4AD8FF5}"
EndProject
Project("{FAE04EC0-301F-11D3-BF4B-00C04F79EFBC}") = "SmoothDataLayer", "SmoothDataLayer\SmoothDataLayer.csproj", "{A9F86091-731B-456D-ABBE-1120B5B47E94}"
EndProject
Project("{FAE04EC0-301F-11D3-BF4B-00C04F79EFBC}") = "SmoothBusinessLogic", "SmoothBusinessLogic\SmoothBusinessLogic.csproj", "{5F777F7E-A578-4ABD-A728-363304B93F55}"
EndProject
Project("{FAE04EC0-301F-11D3-BF4B-00C04F79EFBC}") = "SmoothService", "SmoothService\SmoothService.csproj", "{33E8E94E-B3E4-4A9D-B1F1-FD515C62D486}"
EndProject
Project("{FAE04EC0-301F-11D3-BF4B-00C04F79EFBC}") = "TestingService", "TestingService\TestingService.csproj", "{865AB277-E353-4CA7-B2EA-330D516F401E}"
EndProject
Global
	GlobalSection(SolutionConfigurationPlatforms) = preSolution
		Debug|Any CPU = Debug|Any CPU
		Release|Any CPU = Release|Any CPU
	EndGlobalSection
	GlobalSection(ProjectConfigurationPlatforms) = postSolution
		{1B6EED1E-6BF9-4C7B-8453-F629A4AD8FF5}.Debug|Any CPU.ActiveCfg = Debug|Any CPU
		{1B6EED1E-6BF9-4C7B-8453-F629A4AD8FF5}.Debug|Any CPU.Build.0 = Debug|Any CPU
		{1B6EED1E-6BF9-4C7B-8453-F629A4AD8FF5}.Release|Any CPU.ActiveCfg = Release|Any CPU
		{1B6EED1E-6BF9-4C7B-8453-F629A4AD8FF5}.Release|Any CPU.Build.0 = Release|Any CPU
		{A9F86091-731B-456D-ABBE-1120B5B47E94}.Debug|Any CPU.ActiveCfg = Debug|Any CPU
		{A9F86091-731B-456D-ABBE-1120B5B47E94}.Debug|Any CPU.Build.0 = Debug|Any CPU
		{A9F86091-731B-456D-ABBE-1120B5B47E94}.Release|Any CPU.ActiveCfg = Release|Any CPU
		{A9F86091-731B-456D-ABBE-1120B5B47E94}.Release|Any CPU.Build.0 = Release|Any CPU
		{5F777F7E-A578-4ABD-A728-363304B93F55}.Debug|Any CPU.ActiveCfg = Debug|Any CPU
		{5F777F7E-A578-4ABD-A728-363304B93F55}.Debug|Any CPU.Build.0 = Debug|Any CPU
		{5F777F7E-A578-4ABD-A728-363304B93F55}.Release|Any CPU.ActiveCfg = Release|Any CPU
		{5F777F7E-A578-4ABD-A728-363304B93F55}.Release|Any CPU.Build.0 = Release|Any CPU
		{33E8E94E-B3E4-4A9D-B1F1-FD515C62D486}.Debug|Any CPU.ActiveCfg = Debug|Any CPU
		{33E8E94E-B3E4-4A9D-B1F1-FD515C62D486}.Debug|Any CPU.Build.0 = Debug|Any CPU
		{33E8E94E-B3E4-4A9D-B1F1-FD515C62D486}.Release|Any CPU.ActiveCfg = Release|Any CPU
		{33E8E94E-B3E4-4A9D-B1F1-FD515C62D486}.Release|Any CPU.Build.0 = Release|Any CPU
		{865AB277-E353-4CA7-B2EA-330D516F401E}.Debug|Any CPU.ActiveCfg = Debug|Any CPU
		{865AB277-E353-4CA7-B2EA-330D516F401E}.Debug|Any CPU.Build.0 = Debug|Any CPU
		{865AB277-E353-4CA7-B2EA-330D516F401E}.Release|Any CPU.ActiveCfg = Release|Any CPU
		{865AB277-E353-4CA7-B2EA-330D516F401E}.Release|Any CPU.Build.0 = Release|Any CPU
	EndGlobalSection
	GlobalSection(SolutionProperties) = preSolution
		HideSolutionNode = FALSE
	EndGlobalSection
	GlobalSection(ExtensibilityGlobals) = postSolution
		SolutionGuid = {0601397E-4775-445F-9D9E-886DB59209CA}
	EndGlobalSection
EndGlobal
